
Microsoft Visual Studio Solution File, Format Version 12.00
# Visual Studio Version 17
VisualStudioVersion = 17.3.32721.290
MinimumVisualStudioVersion = 10.0.40219.1
Project("{9A19103F-16F7-4668-BE54-9A1E7A4F7556}") = "FluentAssertions.Extension.Json", "FluentAssertions.Extension.Json\FluentAssertions.Extension.Json.csproj", "{9862A5A4-88E7-4CD9-B75B-060D22D5B079}"
EndProject
Project("{9A19103F-16F7-4668-BE54-9A1E7A4F7556}") = "FluentAssertions.Extension.Json.Test", "FluentAssertions.Extension.Json.Test\FluentAssertions.Extension.Json.Test.csproj", "{E5DD1B55-470A-41D0-B4A3-C2EB57534FB0}"
EndProject
Project("{9A19103F-16F7-4668-BE54-9A1E7A4F7556}") = "FluentAssertions.Extension.Json.Demo", "FluentAssertions.Extension.Json.Demo\FluentAssertions.Extension.Json.Demo.csproj", "{D2DBF1C3-9E9D-4AF2-91DE-DDAA0159AA1D}"
EndProject
Global
	GlobalSection(SolutionConfigurationPlatforms) = preSolution
		Debug|Any CPU = Debug|Any CPU
		Release|Any CPU = Release|Any CPU
	EndGlobalSection
	GlobalSection(ProjectConfigurationPlatforms) = postSolution
		{9862A5A4-88E7-4CD9-B75B-060D22D5B079}.Debug|Any CPU.ActiveCfg = Debug|Any CPU
		{9862A5A4-88E7-4CD9-B75B-060D22D5B079}.Debug|Any CPU.Build.0 = Debug|Any CPU
		{9862A5A4-88E7-4CD9-B75B-060D22D5B079}.Release|Any CPU.ActiveCfg = Release|Any CPU
		{9862A5A4-88E7-4CD9-B75B-060D22D5B079}.Release|Any CPU.Build.0 = Release|Any CPU
		{E5DD1B55-470A-41D0-B4A3-C2EB57534FB0}.Debug|Any CPU.ActiveCfg = Debug|Any CPU
		{E5DD1B55-470A-41D0-B4A3-C2EB57534FB0}.Debug|Any CPU.Build.0 = Debug|Any CPU
		{E5DD1B55-470A-41D0-B4A3-C2EB57534FB0}.Release|Any CPU.ActiveCfg = Release|Any CPU
		{E5DD1B55-470A-41D0-B4A3-C2EB57534FB0}.Release|Any CPU.Build.0 = Release|Any CPU
		{D2DBF1C3-9E9D-4AF2-91DE-DDAA0159AA1D}.Debug|Any CPU.ActiveCfg = Debug|Any CPU
		{D2DBF1C3-9E9D-4AF2-91DE-DDAA0159AA1D}.Debug|Any CPU.Build.0 = Debug|Any CPU
		{D2DBF1C3-9E9D-4AF2-91DE-DDAA0159AA1D}.Release|Any CPU.ActiveCfg = Release|Any CPU
		{D2DBF1C3-9E9D-4AF2-91DE-DDAA0159AA1D}.Release|Any CPU.Build.0 = Release|Any CPU
	EndGlobalSection
	GlobalSection(SolutionProperties) = preSolution
		HideSolutionNode = FALSE
	EndGlobalSection
	GlobalSection(ExtensibilityGlobals) = postSolution
		SolutionGuid = {6E0DB3C5-B474-4392-A828-0C822C2E0C3E}
	EndGlobalSection
EndGlobal
